{
  "version": 1,
  "dependencies": {
    "net9.0": {
      "LiteDB": {
        "type": "Direct",
        "requested": "[5.0.17, 5.0.17]",
        "resolved": "5.0.17",
        "contentHash": "cKPvkdlzIts3ZKu/BzoIc/Y71e4VFKlij4LyioPFATZMot+wB7EAm1FFbZSJez6coJmQUoIg/3yHE1MMU+zOdg=="
      }
    }
  }
}